<?xml version="1.0" encoding="UTF-8"?>
<CONFIG>
  <ProjectOptions>
    <Version Value="9"/>
    <General>
      <Flags>
        <Runnable Value="False"/>
      </Flags>
      <MainUnit Value="0"/>
      <Title Value="trading"/>
      <UseAppBundle Value="False"/>
      <ResourceType Value="res"/>
    </General>
    <i18n>
      <EnableI18N LFM="False"/>
    </i18n>
    <VersionInfo>
      <StringTable ProductVersion=""/>
    </VersionInfo>
    <BuildModes Count="2" Active="linux 64">
      <Item1 Name="linux 64" Default="True"/>
      <Item2 Name="win32">
        <CompilerOptions>
          <Version Value="11"/>
          <Target>
            <Filename Value="trading.exe.bf" ApplyConventions="False"/>
          </Target>
          <SearchPaths>
            <IncludeFiles Value="$(ProjOutDir)"/>
          </SearchPaths>
          <CodeGeneration>
            <TargetOS Value="win32"/>
          </CodeGeneration>
          <Linking>
            <Debugging>
              <GenerateDebugInfo Value="False"/>
              <StripSymbols Value="True"/>
            </Debugging>
          </Linking>
        </CompilerOptions>
      </Item2>
    </BuildModes>
    <PublishOptions>
      <Version Value="2"/>
    </PublishOptions>
    <RunParams>
      <local>
        <FormatVersion Value="1"/>
      </local>
    </RunParams>
    <RequiredPackages Count="2">
      <Item1>
        <PackageName Value="SQLDBLaz"/>
      </Item1>
      <Item2>
        <PackageName Value="BrookRT"/>
      </Item2>
    </RequiredPackages>
    <Units Count="6">
      <Unit0>
        <Filename Value="trading.lpr"/>
        <IsPartOfProject Value="True"/>
        <EditorIndex Value="3"/>
        <UsageCount Value="55"/>
        <Loaded Value="True"/>
      </Unit0>
      <Unit1>
        <Filename Value="dm.pas"/>
        <IsPartOfProject Value="True"/>
        <ComponentName Value="BrookDataModule1"/>
        <HasResources Value="True"/>
        <ResourceBaseClass Value="DataModule"/>
        <UnitName Value="dm"/>
        <EditorIndex Value="4"/>
        <TopLine Value="40"/>
        <CursorPos Y="53"/>
        <UsageCount Value="55"/>
        <Loaded Value="True"/>
        <LoadedDesigner Value="True"/>
      </Unit1>
      <Unit2>
        <Filename Value="brokers.pas"/>
        <IsPartOfProject Value="True"/>
        <UnitName Value="Brokers"/>
        <EditorIndex Value="5"/>
        <CursorPos X="37" Y="12"/>
        <UsageCount Value="55"/>
        <Loaded Value="True"/>
      </Unit2>
      <Unit3>
        <Filename Value="v1.acciones.fecha.pas"/>
        <IsPartOfProject Value="True"/>
        <UnitName Value="v1.acciones.fecha"/>
        <TopLine Value="23"/>
        <CursorPos X="38" Y="34"/>
        <UsageCount Value="55"/>
        <Loaded Value="True"/>
      </Unit3>
      <Unit4>
        <Filename Value="v1.opciones.fecha.pas"/>
        <IsPartOfProject Value="True"/>
        <UnitName Value="v1.opciones.fecha"/>
        <IsVisibleTab Value="True"/>
        <EditorIndex Value="1"/>
        <TopLine Value="62"/>
        <CursorPos X="49" Y="65"/>
        <UsageCount Value="55"/>
        <Loaded Value="True"/>
      </Unit4>
      <Unit5>
        <Filename Value="../../brookframework/core/brookaction.pas"/>
        <UnitName Value="BrookAction"/>
        <EditorIndex Value="2"/>
        <TopLine Value="359"/>
        <CursorPos X="3" Y="364"/>
        <UsageCount Value="27"/>
        <Loaded Value="True"/>
      </Unit5>
    </Units>
    <JumpHistory Count="17" HistoryIndex="16">
      <Position1>
        <Filename Value="dm.pas"/>
        <Caret Line="12" Column="59"/>
      </Position1>
      <Position2>
        <Filename Value="dm.pas"/>
        <Caret Line="16" Column="59"/>
      </Position2>
      <Position3>
        <Filename Value="dm.pas"/>
        <Caret Line="20" Column="55"/>
      </Position3>
      <Position4>
        <Filename Value="dm.pas"/>
        <Caret Line="49" Column="41" TopLine="28"/>
      </Position4>
      <Position5>
        <Filename Value="v1.acciones.fecha.pas"/>
        <Caret Line="37" Column="23" TopLine="24"/>
      </Position5>
      <Position6>
        <Filename Value="dm.pas"/>
        <Caret Line="54" Column="17" TopLine="41"/>
      </Position6>
      <Position7>
        <Filename Value="v1.acciones.fecha.pas"/>
        <Caret Line="46" Column="24" TopLine="24"/>
      </Position7>
      <Position8>
        <Filename Value="v1.acciones.fecha.pas"/>
        <Caret Line="45" Column="11" TopLine="31"/>
      </Position8>
      <Position9>
        <Filename Value="v1.acciones.fecha.pas"/>
        <Caret Line="8" Column="11"/>
      </Position9>
      <Position10>
        <Filename Value="v1.acciones.fecha.pas"/>
        <Caret Line="46" Column="11" TopLine="32"/>
      </Position10>
      <Position11>
        <Filename Value="dm.pas"/>
        <Caret Line="33" TopLine="23"/>
      </Position11>
      <Position12>
        <Filename Value="dm.pas"/>
        <Caret Line="12" Column="29" TopLine="6"/>
      </Position12>
      <Position13>
        <Filename Value="v1.acciones.fecha.pas"/>
        <Caret Line="42" TopLine="23"/>
      </Position13>
      <Position14>
        <Filename Value="v1.opciones.fecha.pas"/>
        <Caret Line="29" Column="10" TopLine="11"/>
      </Position14>
      <Position15>
        <Filename Value="v1.opciones.fecha.pas"/>
        <Caret Line="30" Column="26" TopLine="19"/>
      </Position15>
      <Position16>
        <Filename Value="v1.opciones.fecha.pas"/>
        <Caret Line="34" Column="4" TopLine="32"/>
      </Position16>
      <Position17>
        <Filename Value="../../brookframework/core/brookaction.pas"/>
        <Caret Line="277" Column="14" TopLine="268"/>
      </Position17>
    </JumpHistory>
  </ProjectOptions>
  <CompilerOptions>
    <Version Value="11"/>
    <Target>
      <Filename Value="trading.bf" ApplyConventions="False"/>
    </Target>
    <SearchPaths>
      <IncludeFiles Value="$(ProjOutDir)"/>
    </SearchPaths>
    <Linking>
      <Debugging>
        <GenerateDebugInfo Value="False"/>
        <StripSymbols Value="True"/>
      </Debugging>
    </Linking>
  </CompilerOptions>
  <Debugging>
    <Exceptions Count="3">
      <Item1>
        <Name Value="EAbort"/>
      </Item1>
      <Item2>
        <Name Value="ECodetoolError"/>
      </Item2>
      <Item3>
        <Name Value="EFOpenError"/>
      </Item3>
    </Exceptions>
  </Debugging>
</CONFIG>
